{
  "name": "rollup-ts-error-example",
  "version": "1.0.0",
  "lockfileVersion": 1,
  "requires": true,
  "dependencies": {
    "@rollup/plugin-typescript": {
      "version": "4.0.0",
      "resolved": "https://regas.jfrog.io/regas/api/npm/npm/@rollup/plugin-typescript/-/plugin-typescript-4.0.0.tgz",
      "integrity": "sha1-ek97KETShmnljAPIgPbtDW6SZoU=",
      "dev": true,
      "requires": {
        "@rollup/pluginutils": "^3.0.1",
        "resolve": "^1.14.1"
      }
    },
    "@rollup/pluginutils": {
      "version": "3.0.8",
      "resolved": "https://regas.jfrog.io/regas/api/npm/npm/@rollup/pluginutils/-/pluginutils-3.0.8.tgz",
      "integrity": "sha1-TpTRKNlLkGmeUX7wRUIpYNGMj94=",
      "dev": true,
      "requires": {
        "estree-walker": "^1.0.1"
      }
    },
    "estree-walker": {
      "version": "1.0.1",
      "resolved": "https://regas.jfrog.io/regas/api/npm/npm/estree-walker/-/estree-walker-1.0.1.tgz",
      "integrity": "sha1-MbxdYSyWtwQQa0d+bdXYqhOMtwA=",
      "dev": true
    },
    "fsevents": {
      "version": "2.1.2",
      "resolved": "https://regas.jfrog.io/regas/api/npm/npm/fsevents/-/fsevents-2.1.2.tgz",
      "integrity": "sha1-TAofs0vGjlQ7S4Kp7Dkr+9qECAU=",
      "dev": true,
      "optional": true
    },
    "path-parse": {
      "version": "1.0.7",
      "resolved": "https://registry.npmjs.org/path-parse/-/path-parse-1.0.7.tgz",
      "integrity": "sha512-LDJzPVEEEPR+y48z93A0Ed0yXb8pAByGWo/k5YYdYgpY2/2EsOsksJrq7lOHxryrVOn1ejG6oAp8ahvOIQD8sw==",
      "dev": true
    },
    "resolve": {
      "version": "1.15.1",
      "resolved": "https://regas.jfrog.io/regas/api/npm/npm/resolve/-/resolve-1.15.1.tgz",
      "integrity": "sha1-J73N7/6vLWJEuVuw+fS0ZTRR8+g=",
      "dev": true,
      "requires": {
        "path-parse": "^1.0.6"
      }
    },
    "rollup": {
      "version": "2.3.0",
      "resolved": "https://regas.jfrog.io/regas/api/npm/npm/rollup/-/rollup-2.3.0.tgz",
      "integrity": "sha1-C54cGb6iJGSViFTa5ka4tA0tPtU=",
      "dev": true,
      "requires": {
        "fsevents": "~2.1.2"
      }
    },
    "tslib": {
      "version": "1.11.1",
      "resolved": "https://regas.jfrog.io/regas/api/npm/npm/tslib/-/tslib-1.11.1.tgz",
      "integrity": "sha1-6xXRKIJ/vuKEFUnhcfRe0zisfjU=",
      "dev": true
    },
    "typescript": {
      "version": "3.8.3",
      "resolved": "https://regas.jfrog.io/regas/api/npm/npm/typescript/-/typescript-3.8.3.tgz",
      "integrity": "sha1-QJ64VE6gM1cRIFhp7EWKsQnuEGE=",
      "dev": true
    }
  }
}
